
Microsoft Visual Studio Solution File, Format Version 12.00
# Visual Studio 14
VisualStudioVersion = 14.0.25123.0
MinimumVisualStudioVersion = 10.0.40219.1
Project("{2150E333-8FDC-42A3-9474-1A3956D46DE8}") = "Common", "Common", "{C5AD7CF4-8504-4C8E-B278-5AF17437DBDE}"
EndProject
Project("{FAE04EC0-301F-11D3-BF4B-00C04F79EFBC}") = "Famoser.BeerCompanion.Data", "Famoser.BeerCompanion.Data\Famoser.BeerCompanion.Data.csproj", "{4758A3FE-D654-4068-AC21-B660885ED1FF}"
EndProject
Project("{FAE04EC0-301F-11D3-BF4B-00C04F79EFBC}") = "Famoser.BeerCompanion.Business", "Famoser.BeerCompanion.Business\Famoser.BeerCompanion.Business.csproj", "{AE35E0B1-ADC9-48B5-BDFF-6731EBC1B1B3}"
EndProject
Project("{FAE04EC0-301F-11D3-BF4B-00C04F79EFBC}") = "Famoser.BeerCompanion.View", "Famoser.BeerCompanion.View\Famoser.BeerCompanion.View.csproj", "{0CD4F0F1-45E3-4BAA-94F4-A8FA1E015FDE}"
EndProject
Project("{2150E333-8FDC-42A3-9474-1A3956D46DE8}") = "Presentation", "Presentation", "{6C919855-5A24-4703-928C-CC8DD2906A8E}"
EndProject
Project("{FAE04EC0-301F-11D3-BF4B-00C04F79EFBC}") = "Famoser.BeerCompanion.Presentation.WinUniversal", "Famoser.BeerCompanion.Presentation.WinUniversal\Famoser.BeerCompanion.Presentation.WinUniversal.csproj", "{B5EC22B9-8E6F-482C-A747-75CCF093DA12}"
EndProject
Project("{2150E333-8FDC-42A3-9474-1A3956D46DE8}") = "Test", "Test", "{AFC31678-18CA-4EE6-A84A-7D2904EAF9B2}"
EndProject
Project("{FAE04EC0-301F-11D3-BF4B-00C04F79EFBC}") = "Famoser.BeerCompanion.UnitTests", "Famoser.BeerCompanion.UnitTests\Famoser.BeerCompanion.UnitTests.csproj", "{01C0FD1A-3724-459B-8B8F-6A53C3914F3D}"
EndProject
Global
	GlobalSection(SolutionConfigurationPlatforms) = preSolution
		Debug|Any CPU = Debug|Any CPU
		Debug|ARM = Debug|ARM
		Debug|x64 = Debug|x64
		Debug|x86 = Debug|x86
		Release|Any CPU = Release|Any CPU
		Release|ARM = Release|ARM
		Release|x64 = Release|x64
		Release|x86 = Release|x86
	EndGlobalSection
	GlobalSection(ProjectConfigurationPlatforms) = postSolution
		{4758A3FE-D654-4068-AC21-B660885ED1FF}.Debug|Any CPU.ActiveCfg = Debug|Any CPU
		{4758A3FE-D654-4068-AC21-B660885ED1FF}.Debug|Any CPU.Build.0 = Debug|Any CPU
		{4758A3FE-D654-4068-AC21-B660885ED1FF}.Debug|ARM.ActiveCfg = Debug|Any CPU
		{4758A3FE-D654-4068-AC21-B660885ED1FF}.Debug|ARM.Build.0 = Debug|Any CPU
		{4758A3FE-D654-4068-AC21-B660885ED1FF}.Debug|x64.ActiveCfg = Debug|Any CPU
		{4758A3FE-D654-4068-AC21-B660885ED1FF}.Debug|x64.Build.0 = Debug|Any CPU
		{4758A3FE-D654-4068-AC21-B660885ED1FF}.Debug|x86.ActiveCfg = Debug|x86
		{4758A3FE-D654-4068-AC21-B660885ED1FF}.Debug|x86.Build.0 = Debug|x86
		{4758A3FE-D654-4068-AC21-B660885ED1FF}.Release|Any CPU.ActiveCfg = Release|Any CPU
		{4758A3FE-D654-4068-AC21-B660885ED1FF}.Release|Any CPU.Build.0 = Release|Any CPU
		{4758A3FE-D654-4068-AC21-B660885ED1FF}.Release|ARM.ActiveCfg = Release|Any CPU
		{4758A3FE-D654-4068-AC21-B660885ED1FF}.Release|ARM.Build.0 = Release|Any CPU
		{4758A3FE-D654-4068-AC21-B660885ED1FF}.Release|x64.ActiveCfg = Release|Any CPU
		{4758A3FE-D654-4068-AC21-B660885ED1FF}.Release|x64.Build.0 = Release|Any CPU
		{4758A3FE-D654-4068-AC21-B660885ED1FF}.Release|x86.ActiveCfg = Release|Any CPU
		{4758A3FE-D654-4068-AC21-B660885ED1FF}.Release|x86.Build.0 = Release|Any CPU
		{AE35E0B1-ADC9-48B5-BDFF-6731EBC1B1B3}.Debug|Any CPU.ActiveCfg = Debug|Any CPU
		{AE35E0B1-ADC9-48B5-BDFF-6731EBC1B1B3}.Debug|Any CPU.Build.0 = Debug|Any CPU
		{AE35E0B1-ADC9-48B5-BDFF-6731EBC1B1B3}.Debug|ARM.ActiveCfg = Debug|Any CPU
		{AE35E0B1-ADC9-48B5-BDFF-6731EBC1B1B3}.Debug|ARM.Build.0 = Debug|Any CPU
		{AE35E0B1-ADC9-48B5-BDFF-6731EBC1B1B3}.Debug|x64.ActiveCfg = Debug|Any CPU
		{AE35E0B1-ADC9-48B5-BDFF-6731EBC1B1B3}.Debug|x64.Build.0 = Debug|Any CPU
		{AE35E0B1-ADC9-48B5-BDFF-6731EBC1B1B3}.Debug|x86.ActiveCfg = Debug|x86
		{AE35E0B1-ADC9-48B5-BDFF-6731EBC1B1B3}.Debug|x86.Build.0 = Debug|x86
		{AE35E0B1-ADC9-48B5-BDFF-6731EBC1B1B3}.Release|Any CPU.ActiveCfg = Release|Any CPU
		{AE35E0B1-ADC9-48B5-BDFF-6731EBC1B1B3}.Release|Any CPU.Build.0 = Release|Any CPU
		{AE35E0B1-ADC9-48B5-BDFF-6731EBC1B1B3}.Release|ARM.ActiveCfg = Release|Any CPU
		{AE35E0B1-ADC9-48B5-BDFF-6731EBC1B1B3}.Release|ARM.Build.0 = Release|Any CPU
		{AE35E0B1-ADC9-48B5-BDFF-6731EBC1B1B3}.Release|x64.ActiveCfg = Release|Any CPU
		{AE35E0B1-ADC9-48B5-BDFF-6731EBC1B1B3}.Release|x64.Build.0 = Release|Any CPU
		{AE35E0B1-ADC9-48B5-BDFF-6731EBC1B1B3}.Release|x86.ActiveCfg = Release|Any CPU
		{AE35E0B1-ADC9-48B5-BDFF-6731EBC1B1B3}.Release|x86.Build.0 = Release|Any CPU
		{0CD4F0F1-45E3-4BAA-94F4-A8FA1E015FDE}.Debug|Any CPU.ActiveCfg = Debug|Any CPU
		{0CD4F0F1-45E3-4BAA-94F4-A8FA1E015FDE}.Debug|Any CPU.Build.0 = Debug|Any CPU
		{0CD4F0F1-45E3-4BAA-94F4-A8FA1E015FDE}.Debug|ARM.ActiveCfg = Debug|Any CPU
		{0CD4F0F1-45E3-4BAA-94F4-A8FA1E015FDE}.Debug|ARM.Build.0 = Debug|Any CPU
		{0CD4F0F1-45E3-4BAA-94F4-A8FA1E015FDE}.Debug|x64.ActiveCfg = Debug|Any CPU
		{0CD4F0F1-45E3-4BAA-94F4-A8FA1E015FDE}.Debug|x64.Build.0 = Debug|Any CPU
		{0CD4F0F1-45E3-4BAA-94F4-A8FA1E015FDE}.Debug|x86.ActiveCfg = Debug|x86
		{0CD4F0F1-45E3-4BAA-94F4-A8FA1E015FDE}.Debug|x86.Build.0 = Debug|x86
		{0CD4F0F1-45E3-4BAA-94F4-A8FA1E015FDE}.Release|Any CPU.ActiveCfg = Release|Any CPU
		{0CD4F0F1-45E3-4BAA-94F4-A8FA1E015FDE}.Release|Any CPU.Build.0 = Release|Any CPU
		{0CD4F0F1-45E3-4BAA-94F4-A8FA1E015FDE}.Release|ARM.ActiveCfg = Release|Any CPU
		{0CD4F0F1-45E3-4BAA-94F4-A8FA1E015FDE}.Release|ARM.Build.0 = Release|Any CPU
		{0CD4F0F1-45E3-4BAA-94F4-A8FA1E015FDE}.Release|x64.ActiveCfg = Release|Any CPU
		{0CD4F0F1-45E3-4BAA-94F4-A8FA1E015FDE}.Release|x64.Build.0 = Release|Any CPU
		{0CD4F0F1-45E3-4BAA-94F4-A8FA1E015FDE}.Release|x86.ActiveCfg = Release|Any CPU
		{0CD4F0F1-45E3-4BAA-94F4-A8FA1E015FDE}.Release|x86.Build.0 = Release|Any CPU
		{B5EC22B9-8E6F-482C-A747-75CCF093DA12}.Debug|Any CPU.ActiveCfg = Debug|Any CPU
		{B5EC22B9-8E6F-482C-A747-75CCF093DA12}.Debug|Any CPU.Build.0 = Debug|Any CPU
		{B5EC22B9-8E6F-482C-A747-75CCF093DA12}.Debug|Any CPU.Deploy.0 = Debug|Any CPU
		{B5EC22B9-8E6F-482C-A747-75CCF093DA12}.Debug|ARM.ActiveCfg = Debug|ARM
		{B5EC22B9-8E6F-482C-A747-75CCF093DA12}.Debug|ARM.Build.0 = Debug|ARM
		{B5EC22B9-8E6F-482C-A747-75CCF093DA12}.Debug|ARM.Deploy.0 = Debug|ARM
		{B5EC22B9-8E6F-482C-A747-75CCF093DA12}.Debug|x64.ActiveCfg = Debug|x64
		{B5EC22B9-8E6F-482C-A747-75CCF093DA12}.Debug|x64.Build.0 = Debug|x64
		{B5EC22B9-8E6F-482C-A747-75CCF093DA12}.Debug|x64.Deploy.0 = Debug|x64
		{B5EC22B9-8E6F-482C-A747-75CCF093DA12}.Debug|x86.ActiveCfg = Debug|x86
		{B5EC22B9-8E6F-482C-A747-75CCF093DA12}.Debug|x86.Build.0 = Debug|x86
		{B5EC22B9-8E6F-482C-A747-75CCF093DA12}.Debug|x86.Deploy.0 = Debug|x86
		{B5EC22B9-8E6F-482C-A747-75CCF093DA12}.Release|Any CPU.ActiveCfg = Release|x86
		{B5EC22B9-8E6F-482C-A747-75CCF093DA12}.Release|ARM.ActiveCfg = Release|ARM
		{B5EC22B9-8E6F-482C-A747-75CCF093DA12}.Release|ARM.Build.0 = Release|ARM
		{B5EC22B9-8E6F-482C-A747-75CCF093DA12}.Release|ARM.Deploy.0 = Release|ARM
		{B5EC22B9-8E6F-482C-A747-75CCF093DA12}.Release|x64.ActiveCfg = Release|x64
		{B5EC22B9-8E6F-482C-A747-75CCF093DA12}.Release|x64.Build.0 = Release|x64
		{B5EC22B9-8E6F-482C-A747-75CCF093DA12}.Release|x64.Deploy.0 = Release|x64
		{B5EC22B9-8E6F-482C-A747-75CCF093DA12}.Release|x86.ActiveCfg = Release|x86
		{B5EC22B9-8E6F-482C-A747-75CCF093DA12}.Release|x86.Build.0 = Release|x86
		{B5EC22B9-8E6F-482C-A747-75CCF093DA12}.Release|x86.Deploy.0 = Release|x86
		{01C0FD1A-3724-459B-8B8F-6A53C3914F3D}.Debug|Any CPU.ActiveCfg = Debug|Any CPU
		{01C0FD1A-3724-459B-8B8F-6A53C3914F3D}.Debug|Any CPU.Build.0 = Debug|Any CPU
		{01C0FD1A-3724-459B-8B8F-6A53C3914F3D}.Debug|ARM.ActiveCfg = Debug|Any CPU
		{01C0FD1A-3724-459B-8B8F-6A53C3914F3D}.Debug|ARM.Build.0 = Debug|Any CPU
		{01C0FD1A-3724-459B-8B8F-6A53C3914F3D}.Debug|x64.ActiveCfg = Debug|Any CPU
		{01C0FD1A-3724-459B-8B8F-6A53C3914F3D}.Debug|x64.Build.0 = Debug|Any CPU
		{01C0FD1A-3724-459B-8B8F-6A53C3914F3D}.Debug|x86.ActiveCfg = Debug|Any CPU
		{01C0FD1A-3724-459B-8B8F-6A53C3914F3D}.Debug|x86.Build.0 = Debug|Any CPU
		{01C0FD1A-3724-459B-8B8F-6A53C3914F3D}.Release|Any CPU.ActiveCfg = Release|Any CPU
		{01C0FD1A-3724-459B-8B8F-6A53C3914F3D}.Release|Any CPU.Build.0 = Release|Any CPU
		{01C0FD1A-3724-459B-8B8F-6A53C3914F3D}.Release|ARM.ActiveCfg = Release|Any CPU
		{01C0FD1A-3724-459B-8B8F-6A53C3914F3D}.Release|ARM.Build.0 = Release|Any CPU
		{01C0FD1A-3724-459B-8B8F-6A53C3914F3D}.Release|x64.ActiveCfg = Release|Any CPU
		{01C0FD1A-3724-459B-8B8F-6A53C3914F3D}.Release|x64.Build.0 = Release|Any CPU
		{01C0FD1A-3724-459B-8B8F-6A53C3914F3D}.Release|x86.ActiveCfg = Release|Any CPU
		{01C0FD1A-3724-459B-8B8F-6A53C3914F3D}.Release|x86.Build.0 = Release|Any CPU
	EndGlobalSection
	GlobalSection(SolutionProperties) = preSolution
		HideSolutionNode = FALSE
	EndGlobalSection
	GlobalSection(NestedProjects) = preSolution
		{4758A3FE-D654-4068-AC21-B660885ED1FF} = {C5AD7CF4-8504-4C8E-B278-5AF17437DBDE}
		{AE35E0B1-ADC9-48B5-BDFF-6731EBC1B1B3} = {C5AD7CF4-8504-4C8E-B278-5AF17437DBDE}
		{0CD4F0F1-45E3-4BAA-94F4-A8FA1E015FDE} = {C5AD7CF4-8504-4C8E-B278-5AF17437DBDE}
		{B5EC22B9-8E6F-482C-A747-75CCF093DA12} = {6C919855-5A24-4703-928C-CC8DD2906A8E}
		{01C0FD1A-3724-459B-8B8F-6A53C3914F3D} = {AFC31678-18CA-4EE6-A84A-7D2904EAF9B2}
	EndGlobalSection
EndGlobal
